
Microsoft Visual Studio Solution File, Format Version 12.00
# Visual Studio Version 16
VisualStudioVersion = 16.0.29418.71
MinimumVisualStudioVersion = 10.0.40219.1
Project("{FAE04EC0-301F-11D3-BF4B-00C04F79EFBC}") = "LevelUp.Net", "LevelUp.Net\LevelUp.Net.csproj", "{5544DFAA-9D1E-4419-BEE1-F068CE096A10}"
EndProject
Global
	GlobalSection(SolutionConfigurationPlatforms) = preSolution
		Debug|Any CPU = Debug|Any CPU
		Release|Any CPU = Release|Any CPU
	EndGlobalSection
	GlobalSection(ProjectConfigurationPlatforms) = postSolution
		{5544DFAA-9D1E-4419-BEE1-F068CE096A10}.Debug|Any CPU.ActiveCfg = Debug|Any CPU
		{5544DFAA-9D1E-4419-BEE1-F068CE096A10}.Debug|Any CPU.Build.0 = Debug|Any CPU
		{5544DFAA-9D1E-4419-BEE1-F068CE096A10}.Release|Any CPU.ActiveCfg = Release|Any CPU
		{5544DFAA-9D1E-4419-BEE1-F068CE096A10}.Release|Any CPU.Build.0 = Release|Any CPU
	EndGlobalSection
	GlobalSection(SolutionProperties) = preSolution
		HideSolutionNode = FALSE
	EndGlobalSection
	GlobalSection(ExtensibilityGlobals) = postSolution
		SolutionGuid = {9E61A8EA-5EC3-41BF-9385-3E0AC8F8AA7D}
	EndGlobalSection
EndGlobal
